
Microsoft Visual Studio Solution File, Format Version 12.00
# Visual Studio Version 16
VisualStudioVersion = 16.0.31321.278
MinimumVisualStudioVersion = 10.0.40219.1
Project("{FAE04EC0-301F-11D3-BF4B-00C04F79EFBC}") = "Activity5", "Activity5\Activity5.csproj", "{2941185B-4E9B-4407-975E-F6E63098D004}"
EndProject
Global
	GlobalSection(SolutionConfigurationPlatforms) = preSolution
		Debug|Any CPU = Debug|Any CPU
		Release|Any CPU = Release|Any CPU
	EndGlobalSection
	GlobalSection(ProjectConfigurationPlatforms) = postSolution
		{2941185B-4E9B-4407-975E-F6E63098D004}.Debug|Any CPU.ActiveCfg = Debug|Any CPU
		{2941185B-4E9B-4407-975E-F6E63098D004}.Debug|Any CPU.Build.0 = Debug|Any CPU
		{2941185B-4E9B-4407-975E-F6E63098D004}.Release|Any CPU.ActiveCfg = Release|Any CPU
		{2941185B-4E9B-4407-975E-F6E63098D004}.Release|Any CPU.Build.0 = Release|Any CPU
	EndGlobalSection
	GlobalSection(SolutionProperties) = preSolution
		HideSolutionNode = FALSE
	EndGlobalSection
	GlobalSection(ExtensibilityGlobals) = postSolution
		SolutionGuid = {B4A195F8-191E-4B5E-A499-01F93065DD63}
	EndGlobalSection
EndGlobal
